
Microsoft Visual Studio Solution File, Format Version 12.00
# Visual Studio Version 17
VisualStudioVersion = 17.0.31903.59
MinimumVisualStudioVersion = 10.0.40219.1
Project("{FAE04EC0-301F-11D3-BF4B-00C04F79EFBC}") = "Polls.Common", "Polls.Common\Polls.Common.csproj", "{4D8CF2AB-CE6A-4E2A-8A8A-65DD66AD870D}"
EndProject
Project("{FAE04EC0-301F-11D3-BF4B-00C04F79EFBC}") = "Polls.Console", "Polls.Console\Polls.Console.csproj", "{8A7486C7-A4D5-4067-9DC0-0685FDFC4E83}"
EndProject
Project("{FAE04EC0-301F-11D3-BF4B-00C04F79EFBC}") = "Polls.RandomNames", "Polls.RandomNames\Polls.RandomNames.csproj", "{3A3EC2E2-7B8C-4BC4-9FAC-E636D534AE37}"
EndProject
Project("{FAE04EC0-301F-11D3-BF4B-00C04F79EFBC}") = "Polls.Tests", "Polls.Tests\Polls.Tests.csproj", "{175B4FD2-AF5B-493D-A990-A1B42FBEFEBD}"
EndProject
Project("{FAE04EC0-301F-11D3-BF4B-00C04F79EFBC}") = "Polls.Infrastructure", "Polls.Infrastructure\Polls.Infrastructure.csproj", "{0F7447F9-B2E2-4D3E-BCEA-AAB7A7EBFE0C}"
EndProject
Global
	GlobalSection(SolutionConfigurationPlatforms) = preSolution
		Debug|Any CPU = Debug|Any CPU
		Release|Any CPU = Release|Any CPU
	EndGlobalSection
	GlobalSection(SolutionProperties) = preSolution
		HideSolutionNode = FALSE
	EndGlobalSection
	GlobalSection(ProjectConfigurationPlatforms) = postSolution
		{4D8CF2AB-CE6A-4E2A-8A8A-65DD66AD870D}.Debug|Any CPU.ActiveCfg = Debug|Any CPU
		{4D8CF2AB-CE6A-4E2A-8A8A-65DD66AD870D}.Debug|Any CPU.Build.0 = Debug|Any CPU
		{4D8CF2AB-CE6A-4E2A-8A8A-65DD66AD870D}.Release|Any CPU.ActiveCfg = Release|Any CPU
		{4D8CF2AB-CE6A-4E2A-8A8A-65DD66AD870D}.Release|Any CPU.Build.0 = Release|Any CPU
		{8A7486C7-A4D5-4067-9DC0-0685FDFC4E83}.Debug|Any CPU.ActiveCfg = Debug|Any CPU
		{8A7486C7-A4D5-4067-9DC0-0685FDFC4E83}.Debug|Any CPU.Build.0 = Debug|Any CPU
		{8A7486C7-A4D5-4067-9DC0-0685FDFC4E83}.Release|Any CPU.ActiveCfg = Release|Any CPU
		{8A7486C7-A4D5-4067-9DC0-0685FDFC4E83}.Release|Any CPU.Build.0 = Release|Any CPU
		{3A3EC2E2-7B8C-4BC4-9FAC-E636D534AE37}.Debug|Any CPU.ActiveCfg = Debug|Any CPU
		{3A3EC2E2-7B8C-4BC4-9FAC-E636D534AE37}.Debug|Any CPU.Build.0 = Debug|Any CPU
		{3A3EC2E2-7B8C-4BC4-9FAC-E636D534AE37}.Release|Any CPU.ActiveCfg = Release|Any CPU
		{3A3EC2E2-7B8C-4BC4-9FAC-E636D534AE37}.Release|Any CPU.Build.0 = Release|Any CPU
		{175B4FD2-AF5B-493D-A990-A1B42FBEFEBD}.Debug|Any CPU.ActiveCfg = Debug|Any CPU
		{175B4FD2-AF5B-493D-A990-A1B42FBEFEBD}.Debug|Any CPU.Build.0 = Debug|Any CPU
		{175B4FD2-AF5B-493D-A990-A1B42FBEFEBD}.Release|Any CPU.ActiveCfg = Release|Any CPU
		{175B4FD2-AF5B-493D-A990-A1B42FBEFEBD}.Release|Any CPU.Build.0 = Release|Any CPU
		{0F7447F9-B2E2-4D3E-BCEA-AAB7A7EBFE0C}.Debug|Any CPU.ActiveCfg = Debug|Any CPU
		{0F7447F9-B2E2-4D3E-BCEA-AAB7A7EBFE0C}.Debug|Any CPU.Build.0 = Debug|Any CPU
		{0F7447F9-B2E2-4D3E-BCEA-AAB7A7EBFE0C}.Release|Any CPU.ActiveCfg = Release|Any CPU
		{0F7447F9-B2E2-4D3E-BCEA-AAB7A7EBFE0C}.Release|Any CPU.Build.0 = Release|Any CPU
		{6EAD3793-955A-41BC-9139-E11C1A29F593}.Debug|Any CPU.ActiveCfg = Debug|Any CPU
		{6EAD3793-955A-41BC-9139-E11C1A29F593}.Debug|Any CPU.Build.0 = Debug|Any CPU
		{6EAD3793-955A-41BC-9139-E11C1A29F593}.Release|Any CPU.ActiveCfg = Release|Any CPU
		{6EAD3793-955A-41BC-9139-E11C1A29F593}.Release|Any CPU.Build.0 = Release|Any CPU
	EndGlobalSection
EndGlobal
